
Microsoft Visual Studio Solution File, Format Version 11.00
# Visual Studio 2010
Project("{8BC9CEB8-8B4A-11D0-8D11-00A0C91BC942}") = "lli_sample", "lli_sample\lli_sample.vcxproj", "{000B363F-B507-4AF1-9C53-DBC919CA8BC0}"
EndProject
Global
	GlobalSection(SolutionConfigurationPlatforms) = preSolution
		Debug|Win32 = Debug|Win32
		Release|Win32 = Release|Win32
	EndGlobalSection
	GlobalSection(ProjectConfigurationPlatforms) = postSolution
		{000B363F-B507-4AF1-9C53-DBC919CA8BC0}.Debug|Win32.ActiveCfg = Debug|Win32
		{000B363F-B507-4AF1-9C53-DBC919CA8BC0}.Debug|Win32.Build.0 = Debug|Win32
		{000B363F-B507-4AF1-9C53-DBC919CA8BC0}.Release|Win32.ActiveCfg = Release|Win32
		{000B363F-B507-4AF1-9C53-DBC919CA8BC0}.Release|Win32.Build.0 = Release|Win32
	EndGlobalSection
	GlobalSection(SolutionProperties) = preSolution
		HideSolutionNode = FALSE
	EndGlobalSection
EndGlobal
